
Microsoft Visual Studio Solution File, Format Version 12.00
# Visual Studio 15
VisualStudioVersion = 15.0.27130.2024
MinimumVisualStudioVersion = 10.0.40219.1
Project("{FAE04EC0-301F-11D3-BF4B-00C04F79EFBC}") = "Catast", "Catast\Catast.csproj", "{46E276B6-596A-44A9-A5FF-2A2F823C62AF}"
EndProject
Global
	GlobalSection(SolutionConfigurationPlatforms) = preSolution
		Debug|Any CPU = Debug|Any CPU
		Release|Any CPU = Release|Any CPU
	EndGlobalSection
	GlobalSection(ProjectConfigurationPlatforms) = postSolution
		{46E276B6-596A-44A9-A5FF-2A2F823C62AF}.Debug|Any CPU.ActiveCfg = Debug|Any CPU
		{46E276B6-596A-44A9-A5FF-2A2F823C62AF}.Debug|Any CPU.Build.0 = Debug|Any CPU
		{46E276B6-596A-44A9-A5FF-2A2F823C62AF}.Release|Any CPU.ActiveCfg = Release|Any CPU
		{46E276B6-596A-44A9-A5FF-2A2F823C62AF}.Release|Any CPU.Build.0 = Release|Any CPU
	EndGlobalSection
	GlobalSection(SolutionProperties) = preSolution
		HideSolutionNode = FALSE
	EndGlobalSection
	GlobalSection(ExtensibilityGlobals) = postSolution
		SolutionGuid = {9F40CCD9-2B4E-4CE5-8B85-F92C9F47510F}
	EndGlobalSection
EndGlobal
